
Microsoft Visual Studio Solution File, Format Version 12.00
# Visual Studio Version 16
VisualStudioVersion = 16.0.29123.88
MinimumVisualStudioVersion = 10.0.40219.1
Project("{8BC9CEB8-8B4A-11D0-8D11-00A0C91BC942}") = "Container_01", "Container_01\Container_01.vcxproj", "{46041F79-E672-4F16-8C93-831E95A1CC20}"
EndProject
Project("{8BC9CEB8-8B4A-11D0-8D11-00A0C91BC942}") = "Container_02", "Container_02\Container_02.vcxproj", "{B5C3C4AB-326C-4E27-B0F8-070A6B629688}"
EndProject
Project("{8BC9CEB8-8B4A-11D0-8D11-00A0C91BC942}") = "Container_03", "Container_03\Container_03.vcxproj", "{A0F14EFF-F869-49F9-9867-325D817D8106}"
EndProject
Project("{8BC9CEB8-8B4A-11D0-8D11-00A0C91BC942}") = "Container_04", "Container_04\Container_04.vcxproj", "{073BFFEB-1F79-4BFF-8036-86033A4E214A}"
EndProject
Project("{8BC9CEB8-8B4A-11D0-8D11-00A0C91BC942}") = "Container_05", "Container_05\Container_05.vcxproj", "{F3895DCF-BA1C-4651-BC4C-828A32B137B8}"
EndProject
Project("{8BC9CEB8-8B4A-11D0-8D11-00A0C91BC942}") = "Container_06", "Container_06\Container_06.vcxproj", "{090DE331-CC2A-4DDB-9878-6415E04024C9}"
EndProject
Project("{8BC9CEB8-8B4A-11D0-8D11-00A0C91BC942}") = "Container_07", "Container_07\Container_07.vcxproj", "{0CF9A81E-FB05-4393-91C2-7765F5A60A77}"
EndProject
Project("{8BC9CEB8-8B4A-11D0-8D11-00A0C91BC942}") = "Container_08", "Container_08\Container_08.vcxproj", "{350FE3E5-3125-45C3-B1DD-F0F002F5DDCF}"
EndProject
Project("{8BC9CEB8-8B4A-11D0-8D11-00A0C91BC942}") = "Container_09", "Container_09\Container_09.vcxproj", "{FF295030-D0EB-42E0-8F2A-43BE788E85CD}"
EndProject
Project("{8BC9CEB8-8B4A-11D0-8D11-00A0C91BC942}") = "Container_10", "Container_10\Container_10.vcxproj", "{1DF7A377-339A-4016-BE77-A63F8448B356}"
EndProject
Project("{8BC9CEB8-8B4A-11D0-8D11-00A0C91BC942}") = "Container_11", "Container_11\Container_11.vcxproj", "{751CC2E4-3904-4890-9CD6-DDA13B9D3C09}"
EndProject
Project("{8BC9CEB8-8B4A-11D0-8D11-00A0C91BC942}") = "Container_12", "Container_12\Container_12.vcxproj", "{8766A3F5-3AF4-4A65-9ABB-34B14EFDD53C}"
EndProject
Project("{8BC9CEB8-8B4A-11D0-8D11-00A0C91BC942}") = "Container_13", "Container_13\Container_13.vcxproj", "{B1A5E148-C173-4539-8985-DCAA025CB332}"
EndProject
Global
	GlobalSection(SolutionConfigurationPlatforms) = preSolution
		Debug|x64 = Debug|x64
		Debug|x86 = Debug|x86
		Release|x64 = Release|x64
		Release|x86 = Release|x86
	EndGlobalSection
	GlobalSection(ProjectConfigurationPlatforms) = postSolution
		{46041F79-E672-4F16-8C93-831E95A1CC20}.Debug|x64.ActiveCfg = Debug|x64
		{46041F79-E672-4F16-8C93-831E95A1CC20}.Debug|x64.Build.0 = Debug|x64
		{46041F79-E672-4F16-8C93-831E95A1CC20}.Debug|x86.ActiveCfg = Debug|Win32
		{46041F79-E672-4F16-8C93-831E95A1CC20}.Debug|x86.Build.0 = Debug|Win32
		{46041F79-E672-4F16-8C93-831E95A1CC20}.Release|x64.ActiveCfg = Release|x64
		{46041F79-E672-4F16-8C93-831E95A1CC20}.Release|x64.Build.0 = Release|x64
		{46041F79-E672-4F16-8C93-831E95A1CC20}.Release|x86.ActiveCfg = Release|Win32
		{46041F79-E672-4F16-8C93-831E95A1CC20}.Release|x86.Build.0 = Release|Win32
		{B5C3C4AB-326C-4E27-B0F8-070A6B629688}.Debug|x64.ActiveCfg = Debug|x64
		{B5C3C4AB-326C-4E27-B0F8-070A6B629688}.Debug|x64.Build.0 = Debug|x64
		{B5C3C4AB-326C-4E27-B0F8-070A6B629688}.Debug|x86.ActiveCfg = Debug|Win32
		{B5C3C4AB-326C-4E27-B0F8-070A6B629688}.Debug|x86.Build.0 = Debug|Win32
		{B5C3C4AB-326C-4E27-B0F8-070A6B629688}.Release|x64.ActiveCfg = Release|x64
		{B5C3C4AB-326C-4E27-B0F8-070A6B629688}.Release|x64.Build.0 = Release|x64
		{B5C3C4AB-326C-4E27-B0F8-070A6B629688}.Release|x86.ActiveCfg = Release|Win32
		{B5C3C4AB-326C-4E27-B0F8-070A6B629688}.Release|x86.Build.0 = Release|Win32
		{A0F14EFF-F869-49F9-9867-325D817D8106}.Debug|x64.ActiveCfg = Debug|x64
		{A0F14EFF-F869-49F9-9867-325D817D8106}.Debug|x64.Build.0 = Debug|x64
		{A0F14EFF-F869-49F9-9867-325D817D8106}.Debug|x86.ActiveCfg = Debug|Win32
		{A0F14EFF-F869-49F9-9867-325D817D8106}.Debug|x86.Build.0 = Debug|Win32
		{A0F14EFF-F869-49F9-9867-325D817D8106}.Release|x64.ActiveCfg = Release|x64
		{A0F14EFF-F869-49F9-9867-325D817D8106}.Release|x64.Build.0 = Release|x64
		{A0F14EFF-F869-49F9-9867-325D817D8106}.Release|x86.ActiveCfg = Release|Win32
		{A0F14EFF-F869-49F9-9867-325D817D8106}.Release|x86.Build.0 = Release|Win32
		{073BFFEB-1F79-4BFF-8036-86033A4E214A}.Debug|x64.ActiveCfg = Debug|x64
		{073BFFEB-1F79-4BFF-8036-86033A4E214A}.Debug|x64.Build.0 = Debug|x64
		{073BFFEB-1F79-4BFF-8036-86033A4E214A}.Debug|x86.ActiveCfg = Debug|Win32
		{073BFFEB-1F79-4BFF-8036-86033A4E214A}.Debug|x86.Build.0 = Debug|Win32
		{073BFFEB-1F79-4BFF-8036-86033A4E214A}.Release|x64.ActiveCfg = Release|x64
		{073BFFEB-1F79-4BFF-8036-86033A4E214A}.Release|x64.Build.0 = Release|x64
		{073BFFEB-1F79-4BFF-8036-86033A4E214A}.Release|x86.ActiveCfg = Release|Win32
		{073BFFEB-1F79-4BFF-8036-86033A4E214A}.Release|x86.Build.0 = Release|Win32
		{F3895DCF-BA1C-4651-BC4C-828A32B137B8}.Debug|x64.ActiveCfg = Debug|x64
		{F3895DCF-BA1C-4651-BC4C-828A32B137B8}.Debug|x64.Build.0 = Debug|x64
		{F3895DCF-BA1C-4651-BC4C-828A32B137B8}.Debug|x86.ActiveCfg = Debug|Win32
		{F3895DCF-BA1C-4651-BC4C-828A32B137B8}.Debug|x86.Build.0 = Debug|Win32
		{F3895DCF-BA1C-4651-BC4C-828A32B137B8}.Release|x64.ActiveCfg = Release|x64
		{F3895DCF-BA1C-4651-BC4C-828A32B137B8}.Release|x64.Build.0 = Release|x64
		{F3895DCF-BA1C-4651-BC4C-828A32B137B8}.Release|x86.ActiveCfg = Release|Win32
		{F3895DCF-BA1C-4651-BC4C-828A32B137B8}.Release|x86.Build.0 = Release|Win32
		{090DE331-CC2A-4DDB-9878-6415E04024C9}.Debug|x64.ActiveCfg = Debug|x64
		{090DE331-CC2A-4DDB-9878-6415E04024C9}.Debug|x64.Build.0 = Debug|x64
		{090DE331-CC2A-4DDB-9878-6415E04024C9}.Debug|x86.ActiveCfg = Debug|Win32
		{090DE331-CC2A-4DDB-9878-6415E04024C9}.Debug|x86.Build.0 = Debug|Win32
		{090DE331-CC2A-4DDB-9878-6415E04024C9}.Release|x64.ActiveCfg = Release|x64
		{090DE331-CC2A-4DDB-9878-6415E04024C9}.Release|x64.Build.0 = Release|x64
		{090DE331-CC2A-4DDB-9878-6415E04024C9}.Release|x86.ActiveCfg = Release|Win32
		{090DE331-CC2A-4DDB-9878-6415E04024C9}.Release|x86.Build.0 = Release|Win32
		{0CF9A81E-FB05-4393-91C2-7765F5A60A77}.Debug|x64.ActiveCfg = Debug|x64
		{0CF9A81E-FB05-4393-91C2-7765F5A60A77}.Debug|x64.Build.0 = Debug|x64
		{0CF9A81E-FB05-4393-91C2-7765F5A60A77}.Debug|x86.ActiveCfg = Debug|Win32
		{0CF9A81E-FB05-4393-91C2-7765F5A60A77}.Debug|x86.Build.0 = Debug|Win32
		{0CF9A81E-FB05-4393-91C2-7765F5A60A77}.Release|x64.ActiveCfg = Release|x64
		{0CF9A81E-FB05-4393-91C2-7765F5A60A77}.Release|x64.Build.0 = Release|x64
		{0CF9A81E-FB05-4393-91C2-7765F5A60A77}.Release|x86.ActiveCfg = Release|Win32
		{0CF9A81E-FB05-4393-91C2-7765F5A60A77}.Release|x86.Build.0 = Release|Win32
		{350FE3E5-3125-45C3-B1DD-F0F002F5DDCF}.Debug|x64.ActiveCfg = Debug|x64
		{350FE3E5-3125-45C3-B1DD-F0F002F5DDCF}.Debug|x64.Build.0 = Debug|x64
		{350FE3E5-3125-45C3-B1DD-F0F002F5DDCF}.Debug|x86.ActiveCfg = Debug|Win32
		{350FE3E5-3125-45C3-B1DD-F0F002F5DDCF}.Debug|x86.Build.0 = Debug|Win32
		{350FE3E5-3125-45C3-B1DD-F0F002F5DDCF}.Release|x64.ActiveCfg = Release|x64
		{350FE3E5-3125-45C3-B1DD-F0F002F5DDCF}.Release|x64.Build.0 = Release|x64
		{350FE3E5-3125-45C3-B1DD-F0F002F5DDCF}.Release|x86.ActiveCfg = Release|Win32
		{350FE3E5-3125-45C3-B1DD-F0F002F5DDCF}.Release|x86.Build.0 = Release|Win32
		{FF295030-D0EB-42E0-8F2A-43BE788E85CD}.Debug|x64.ActiveCfg = Debug|x64
		{FF295030-D0EB-42E0-8F2A-43BE788E85CD}.Debug|x64.Build.0 = Debug|x64
		{FF295030-D0EB-42E0-8F2A-43BE788E85CD}.Debug|x86.ActiveCfg = Debug|Win32
		{FF295030-D0EB-42E0-8F2A-43BE788E85CD}.Debug|x86.Build.0 = Debug|Win32
		{FF295030-D0EB-42E0-8F2A-43BE788E85CD}.Release|x64.ActiveCfg = Release|x64
		{FF295030-D0EB-42E0-8F2A-43BE788E85CD}.Release|x64.Build.0 = Release|x64
		{FF295030-D0EB-42E0-8F2A-43BE788E85CD}.Release|x86.ActiveCfg = Release|Win32
		{FF295030-D0EB-42E0-8F2A-43BE788E85CD}.Release|x86.Build.0 = Release|Win32
		{1DF7A377-339A-4016-BE77-A63F8448B356}.Debug|x64.ActiveCfg = Debug|x64
		{1DF7A377-339A-4016-BE77-A63F8448B356}.Debug|x64.Build.0 = Debug|x64
		{1DF7A377-339A-4016-BE77-A63F8448B356}.Debug|x86.ActiveCfg = Debug|Win32
		{1DF7A377-339A-4016-BE77-A63F8448B356}.Debug|x86.Build.0 = Debug|Win32
		{1DF7A377-339A-4016-BE77-A63F8448B356}.Release|x64.ActiveCfg = Release|x64
		{1DF7A377-339A-4016-BE77-A63F8448B356}.Release|x64.Build.0 = Release|x64
		{1DF7A377-339A-4016-BE77-A63F8448B356}.Release|x86.ActiveCfg = Release|Win32
		{1DF7A377-339A-4016-BE77-A63F8448B356}.Release|x86.Build.0 = Release|Win32
		{751CC2E4-3904-4890-9CD6-DDA13B9D3C09}.Debug|x64.ActiveCfg = Debug|x64
		{751CC2E4-3904-4890-9CD6-DDA13B9D3C09}.Debug|x64.Build.0 = Debug|x64
		{751CC2E4-3904-4890-9CD6-DDA13B9D3C09}.Debug|x86.ActiveCfg = Debug|Win32
		{751CC2E4-3904-4890-9CD6-DDA13B9D3C09}.Debug|x86.Build.0 = Debug|Win32
		{751CC2E4-3904-4890-9CD6-DDA13B9D3C09}.Release|x64.ActiveCfg = Release|x64
		{751CC2E4-3904-4890-9CD6-DDA13B9D3C09}.Release|x64.Build.0 = Release|x64
		{751CC2E4-3904-4890-9CD6-DDA13B9D3C09}.Release|x86.ActiveCfg = Release|Win32
		{751CC2E4-3904-4890-9CD6-DDA13B9D3C09}.Release|x86.Build.0 = Release|Win32
		{8766A3F5-3AF4-4A65-9ABB-34B14EFDD53C}.Debug|x64.ActiveCfg = Debug|x64
		{8766A3F5-3AF4-4A65-9ABB-34B14EFDD53C}.Debug|x64.Build.0 = Debug|x64
		{8766A3F5-3AF4-4A65-9ABB-34B14EFDD53C}.Debug|x86.ActiveCfg = Debug|Win32
		{8766A3F5-3AF4-4A65-9ABB-34B14EFDD53C}.Debug|x86.Build.0 = Debug|Win32
		{8766A3F5-3AF4-4A65-9ABB-34B14EFDD53C}.Release|x64.ActiveCfg = Release|x64
		{8766A3F5-3AF4-4A65-9ABB-34B14EFDD53C}.Release|x64.Build.0 = Release|x64
		{8766A3F5-3AF4-4A65-9ABB-34B14EFDD53C}.Release|x86.ActiveCfg = Release|Win32
		{8766A3F5-3AF4-4A65-9ABB-34B14EFDD53C}.Release|x86.Build.0 = Release|Win32
		{B1A5E148-C173-4539-8985-DCAA025CB332}.Debug|x64.ActiveCfg = Debug|x64
		{B1A5E148-C173-4539-8985-DCAA025CB332}.Debug|x64.Build.0 = Debug|x64
		{B1A5E148-C173-4539-8985-DCAA025CB332}.Debug|x86.ActiveCfg = Debug|Win32
		{B1A5E148-C173-4539-8985-DCAA025CB332}.Debug|x86.Build.0 = Debug|Win32
		{B1A5E148-C173-4539-8985-DCAA025CB332}.Release|x64.ActiveCfg = Release|x64
		{B1A5E148-C173-4539-8985-DCAA025CB332}.Release|x64.Build.0 = Release|x64
		{B1A5E148-C173-4539-8985-DCAA025CB332}.Release|x86.ActiveCfg = Release|Win32
		{B1A5E148-C173-4539-8985-DCAA025CB332}.Release|x86.Build.0 = Release|Win32
	EndGlobalSection
	GlobalSection(SolutionProperties) = preSolution
		HideSolutionNode = FALSE
	EndGlobalSection
	GlobalSection(ExtensibilityGlobals) = postSolution
		SolutionGuid = {7F02F319-A636-4A05-9257-52E995BCD0F9}
	EndGlobalSection
EndGlobal
