
Microsoft Visual Studio Solution File, Format Version 12.00
# Visual Studio Version 16
VisualStudioVersion = 16.0.29123.88
MinimumVisualStudioVersion = 10.0.40219.1
Project("{8BC9CEB8-8B4A-11D0-8D11-00A0C91BC942}") = "Utility_01", "Utility_01\Utility_01.vcxproj", "{DCE20FC1-1CF1-4719-B879-50371F8E5A7C}"
EndProject
Project("{8BC9CEB8-8B4A-11D0-8D11-00A0C91BC942}") = "Utility_02", "Utility_02\Utility_02.vcxproj", "{DB1CFF86-2550-4502-A438-86E7DF7EB097}"
EndProject
Project("{8BC9CEB8-8B4A-11D0-8D11-00A0C91BC942}") = "Utility_03", "Utility_03\Utility_03.vcxproj", "{D598541E-EE6A-4633-BCDB-3BFA2994CA16}"
EndProject
Project("{8BC9CEB8-8B4A-11D0-8D11-00A0C91BC942}") = "Utility_04", "Utility_04\Utility_04.vcxproj", "{3A303E34-5A13-4D2F-B21E-03F2EE776E90}"
EndProject
Project("{8BC9CEB8-8B4A-11D0-8D11-00A0C91BC942}") = "Utility_05", "Utility_05\Utility_05.vcxproj", "{21A1ECB3-8548-4015-86EF-8BDC68AC1940}"
EndProject
Project("{8BC9CEB8-8B4A-11D0-8D11-00A0C91BC942}") = "Utility_06", "Utility_06\Utility_06.vcxproj", "{1C3A4F8C-4CD6-4D82-A5D0-0AAB81E484F2}"
EndProject
Project("{8BC9CEB8-8B4A-11D0-8D11-00A0C91BC942}") = "Utility_07", "Utility_07\Utility_07.vcxproj", "{85A8516A-F331-4558-BFA7-AC6FCA43C92D}"
EndProject
Project("{8BC9CEB8-8B4A-11D0-8D11-00A0C91BC942}") = "Utility_08", "Utility_08\Utility_08.vcxproj", "{5D86DDDB-D8F1-42EB-AD14-549241712975}"
EndProject
Project("{8BC9CEB8-8B4A-11D0-8D11-00A0C91BC942}") = "Utility_09", "Utility_09\Utility_09.vcxproj", "{9C70F6DB-3FD2-428B-A50B-113EDDCB6CC5}"
EndProject
Project("{8BC9CEB8-8B4A-11D0-8D11-00A0C91BC942}") = "Utility_10", "Utility_10\Utility_10.vcxproj", "{BA4DEF3B-AF26-47E9-8610-C420A6B731DA}"
EndProject
Project("{8BC9CEB8-8B4A-11D0-8D11-00A0C91BC942}") = "Utility_11", "Utility_11\Utility_11.vcxproj", "{1E301BBF-35A5-421B-9045-C6FFAE3C0353}"
EndProject
Project("{8BC9CEB8-8B4A-11D0-8D11-00A0C91BC942}") = "Utility_12", "Utility_12\Utility_12.vcxproj", "{6D071B4B-F0D6-4DD6-B980-67119D28762C}"
EndProject
Project("{8BC9CEB8-8B4A-11D0-8D11-00A0C91BC942}") = "Utility_13", "Utility_13\Utility_13.vcxproj", "{E2F70183-A268-4FD1-9B65-3E8D2B5F1FDA}"
EndProject
Project("{8BC9CEB8-8B4A-11D0-8D11-00A0C91BC942}") = "Utility_14", "Utility_14\Utility_14.vcxproj", "{DAE707D2-CAFE-4264-B481-BF8A1AB1AA9C}"
EndProject
Global
	GlobalSection(SolutionConfigurationPlatforms) = preSolution
		Debug|x64 = Debug|x64
		Debug|x86 = Debug|x86
		Release|x64 = Release|x64
		Release|x86 = Release|x86
	EndGlobalSection
	GlobalSection(ProjectConfigurationPlatforms) = postSolution
		{DCE20FC1-1CF1-4719-B879-50371F8E5A7C}.Debug|x64.ActiveCfg = Debug|x64
		{DCE20FC1-1CF1-4719-B879-50371F8E5A7C}.Debug|x64.Build.0 = Debug|x64
		{DCE20FC1-1CF1-4719-B879-50371F8E5A7C}.Debug|x86.ActiveCfg = Debug|Win32
		{DCE20FC1-1CF1-4719-B879-50371F8E5A7C}.Debug|x86.Build.0 = Debug|Win32
		{DCE20FC1-1CF1-4719-B879-50371F8E5A7C}.Release|x64.ActiveCfg = Release|x64
		{DCE20FC1-1CF1-4719-B879-50371F8E5A7C}.Release|x64.Build.0 = Release|x64
		{DCE20FC1-1CF1-4719-B879-50371F8E5A7C}.Release|x86.ActiveCfg = Release|Win32
		{DCE20FC1-1CF1-4719-B879-50371F8E5A7C}.Release|x86.Build.0 = Release|Win32
		{DB1CFF86-2550-4502-A438-86E7DF7EB097}.Debug|x64.ActiveCfg = Debug|x64
		{DB1CFF86-2550-4502-A438-86E7DF7EB097}.Debug|x64.Build.0 = Debug|x64
		{DB1CFF86-2550-4502-A438-86E7DF7EB097}.Debug|x86.ActiveCfg = Debug|Win32
		{DB1CFF86-2550-4502-A438-86E7DF7EB097}.Debug|x86.Build.0 = Debug|Win32
		{DB1CFF86-2550-4502-A438-86E7DF7EB097}.Release|x64.ActiveCfg = Release|x64
		{DB1CFF86-2550-4502-A438-86E7DF7EB097}.Release|x64.Build.0 = Release|x64
		{DB1CFF86-2550-4502-A438-86E7DF7EB097}.Release|x86.ActiveCfg = Release|Win32
		{DB1CFF86-2550-4502-A438-86E7DF7EB097}.Release|x86.Build.0 = Release|Win32
		{D598541E-EE6A-4633-BCDB-3BFA2994CA16}.Debug|x64.ActiveCfg = Debug|x64
		{D598541E-EE6A-4633-BCDB-3BFA2994CA16}.Debug|x64.Build.0 = Debug|x64
		{D598541E-EE6A-4633-BCDB-3BFA2994CA16}.Debug|x86.ActiveCfg = Debug|Win32
		{D598541E-EE6A-4633-BCDB-3BFA2994CA16}.Debug|x86.Build.0 = Debug|Win32
		{D598541E-EE6A-4633-BCDB-3BFA2994CA16}.Release|x64.ActiveCfg = Release|x64
		{D598541E-EE6A-4633-BCDB-3BFA2994CA16}.Release|x64.Build.0 = Release|x64
		{D598541E-EE6A-4633-BCDB-3BFA2994CA16}.Release|x86.ActiveCfg = Release|Win32
		{D598541E-EE6A-4633-BCDB-3BFA2994CA16}.Release|x86.Build.0 = Release|Win32
		{3A303E34-5A13-4D2F-B21E-03F2EE776E90}.Debug|x64.ActiveCfg = Debug|x64
		{3A303E34-5A13-4D2F-B21E-03F2EE776E90}.Debug|x64.Build.0 = Debug|x64
		{3A303E34-5A13-4D2F-B21E-03F2EE776E90}.Debug|x86.ActiveCfg = Debug|Win32
		{3A303E34-5A13-4D2F-B21E-03F2EE776E90}.Debug|x86.Build.0 = Debug|Win32
		{3A303E34-5A13-4D2F-B21E-03F2EE776E90}.Release|x64.ActiveCfg = Release|x64
		{3A303E34-5A13-4D2F-B21E-03F2EE776E90}.Release|x64.Build.0 = Release|x64
		{3A303E34-5A13-4D2F-B21E-03F2EE776E90}.Release|x86.ActiveCfg = Release|Win32
		{3A303E34-5A13-4D2F-B21E-03F2EE776E90}.Release|x86.Build.0 = Release|Win32
		{21A1ECB3-8548-4015-86EF-8BDC68AC1940}.Debug|x64.ActiveCfg = Debug|x64
		{21A1ECB3-8548-4015-86EF-8BDC68AC1940}.Debug|x64.Build.0 = Debug|x64
		{21A1ECB3-8548-4015-86EF-8BDC68AC1940}.Debug|x86.ActiveCfg = Debug|Win32
		{21A1ECB3-8548-4015-86EF-8BDC68AC1940}.Debug|x86.Build.0 = Debug|Win32
		{21A1ECB3-8548-4015-86EF-8BDC68AC1940}.Release|x64.ActiveCfg = Release|x64
		{21A1ECB3-8548-4015-86EF-8BDC68AC1940}.Release|x64.Build.0 = Release|x64
		{21A1ECB3-8548-4015-86EF-8BDC68AC1940}.Release|x86.ActiveCfg = Release|Win32
		{21A1ECB3-8548-4015-86EF-8BDC68AC1940}.Release|x86.Build.0 = Release|Win32
		{1C3A4F8C-4CD6-4D82-A5D0-0AAB81E484F2}.Debug|x64.ActiveCfg = Debug|x64
		{1C3A4F8C-4CD6-4D82-A5D0-0AAB81E484F2}.Debug|x64.Build.0 = Debug|x64
		{1C3A4F8C-4CD6-4D82-A5D0-0AAB81E484F2}.Debug|x86.ActiveCfg = Debug|Win32
		{1C3A4F8C-4CD6-4D82-A5D0-0AAB81E484F2}.Debug|x86.Build.0 = Debug|Win32
		{1C3A4F8C-4CD6-4D82-A5D0-0AAB81E484F2}.Release|x64.ActiveCfg = Release|x64
		{1C3A4F8C-4CD6-4D82-A5D0-0AAB81E484F2}.Release|x64.Build.0 = Release|x64
		{1C3A4F8C-4CD6-4D82-A5D0-0AAB81E484F2}.Release|x86.ActiveCfg = Release|Win32
		{1C3A4F8C-4CD6-4D82-A5D0-0AAB81E484F2}.Release|x86.Build.0 = Release|Win32
		{85A8516A-F331-4558-BFA7-AC6FCA43C92D}.Debug|x64.ActiveCfg = Debug|x64
		{85A8516A-F331-4558-BFA7-AC6FCA43C92D}.Debug|x64.Build.0 = Debug|x64
		{85A8516A-F331-4558-BFA7-AC6FCA43C92D}.Debug|x86.ActiveCfg = Debug|Win32
		{85A8516A-F331-4558-BFA7-AC6FCA43C92D}.Debug|x86.Build.0 = Debug|Win32
		{85A8516A-F331-4558-BFA7-AC6FCA43C92D}.Release|x64.ActiveCfg = Release|x64
		{85A8516A-F331-4558-BFA7-AC6FCA43C92D}.Release|x64.Build.0 = Release|x64
		{85A8516A-F331-4558-BFA7-AC6FCA43C92D}.Release|x86.ActiveCfg = Release|Win32
		{85A8516A-F331-4558-BFA7-AC6FCA43C92D}.Release|x86.Build.0 = Release|Win32
		{5D86DDDB-D8F1-42EB-AD14-549241712975}.Debug|x64.ActiveCfg = Debug|x64
		{5D86DDDB-D8F1-42EB-AD14-549241712975}.Debug|x64.Build.0 = Debug|x64
		{5D86DDDB-D8F1-42EB-AD14-549241712975}.Debug|x86.ActiveCfg = Debug|Win32
		{5D86DDDB-D8F1-42EB-AD14-549241712975}.Debug|x86.Build.0 = Debug|Win32
		{5D86DDDB-D8F1-42EB-AD14-549241712975}.Release|x64.ActiveCfg = Release|x64
		{5D86DDDB-D8F1-42EB-AD14-549241712975}.Release|x64.Build.0 = Release|x64
		{5D86DDDB-D8F1-42EB-AD14-549241712975}.Release|x86.ActiveCfg = Release|Win32
		{5D86DDDB-D8F1-42EB-AD14-549241712975}.Release|x86.Build.0 = Release|Win32
		{9C70F6DB-3FD2-428B-A50B-113EDDCB6CC5}.Debug|x64.ActiveCfg = Debug|x64
		{9C70F6DB-3FD2-428B-A50B-113EDDCB6CC5}.Debug|x64.Build.0 = Debug|x64
		{9C70F6DB-3FD2-428B-A50B-113EDDCB6CC5}.Debug|x86.ActiveCfg = Debug|Win32
		{9C70F6DB-3FD2-428B-A50B-113EDDCB6CC5}.Debug|x86.Build.0 = Debug|Win32
		{9C70F6DB-3FD2-428B-A50B-113EDDCB6CC5}.Release|x64.ActiveCfg = Release|x64
		{9C70F6DB-3FD2-428B-A50B-113EDDCB6CC5}.Release|x64.Build.0 = Release|x64
		{9C70F6DB-3FD2-428B-A50B-113EDDCB6CC5}.Release|x86.ActiveCfg = Release|Win32
		{9C70F6DB-3FD2-428B-A50B-113EDDCB6CC5}.Release|x86.Build.0 = Release|Win32
		{BA4DEF3B-AF26-47E9-8610-C420A6B731DA}.Debug|x64.ActiveCfg = Debug|x64
		{BA4DEF3B-AF26-47E9-8610-C420A6B731DA}.Debug|x64.Build.0 = Debug|x64
		{BA4DEF3B-AF26-47E9-8610-C420A6B731DA}.Debug|x86.ActiveCfg = Debug|Win32
		{BA4DEF3B-AF26-47E9-8610-C420A6B731DA}.Debug|x86.Build.0 = Debug|Win32
		{BA4DEF3B-AF26-47E9-8610-C420A6B731DA}.Release|x64.ActiveCfg = Release|x64
		{BA4DEF3B-AF26-47E9-8610-C420A6B731DA}.Release|x64.Build.0 = Release|x64
		{BA4DEF3B-AF26-47E9-8610-C420A6B731DA}.Release|x86.ActiveCfg = Release|Win32
		{BA4DEF3B-AF26-47E9-8610-C420A6B731DA}.Release|x86.Build.0 = Release|Win32
		{1E301BBF-35A5-421B-9045-C6FFAE3C0353}.Debug|x64.ActiveCfg = Debug|x64
		{1E301BBF-35A5-421B-9045-C6FFAE3C0353}.Debug|x64.Build.0 = Debug|x64
		{1E301BBF-35A5-421B-9045-C6FFAE3C0353}.Debug|x86.ActiveCfg = Debug|Win32
		{1E301BBF-35A5-421B-9045-C6FFAE3C0353}.Debug|x86.Build.0 = Debug|Win32
		{1E301BBF-35A5-421B-9045-C6FFAE3C0353}.Release|x64.ActiveCfg = Release|x64
		{1E301BBF-35A5-421B-9045-C6FFAE3C0353}.Release|x64.Build.0 = Release|x64
		{1E301BBF-35A5-421B-9045-C6FFAE3C0353}.Release|x86.ActiveCfg = Release|Win32
		{1E301BBF-35A5-421B-9045-C6FFAE3C0353}.Release|x86.Build.0 = Release|Win32
		{6D071B4B-F0D6-4DD6-B980-67119D28762C}.Debug|x64.ActiveCfg = Debug|x64
		{6D071B4B-F0D6-4DD6-B980-67119D28762C}.Debug|x64.Build.0 = Debug|x64
		{6D071B4B-F0D6-4DD6-B980-67119D28762C}.Debug|x86.ActiveCfg = Debug|Win32
		{6D071B4B-F0D6-4DD6-B980-67119D28762C}.Debug|x86.Build.0 = Debug|Win32
		{6D071B4B-F0D6-4DD6-B980-67119D28762C}.Release|x64.ActiveCfg = Release|x64
		{6D071B4B-F0D6-4DD6-B980-67119D28762C}.Release|x64.Build.0 = Release|x64
		{6D071B4B-F0D6-4DD6-B980-67119D28762C}.Release|x86.ActiveCfg = Release|Win32
		{6D071B4B-F0D6-4DD6-B980-67119D28762C}.Release|x86.Build.0 = Release|Win32
		{E2F70183-A268-4FD1-9B65-3E8D2B5F1FDA}.Debug|x64.ActiveCfg = Debug|x64
		{E2F70183-A268-4FD1-9B65-3E8D2B5F1FDA}.Debug|x64.Build.0 = Debug|x64
		{E2F70183-A268-4FD1-9B65-3E8D2B5F1FDA}.Debug|x86.ActiveCfg = Debug|Win32
		{E2F70183-A268-4FD1-9B65-3E8D2B5F1FDA}.Debug|x86.Build.0 = Debug|Win32
		{E2F70183-A268-4FD1-9B65-3E8D2B5F1FDA}.Release|x64.ActiveCfg = Release|x64
		{E2F70183-A268-4FD1-9B65-3E8D2B5F1FDA}.Release|x64.Build.0 = Release|x64
		{E2F70183-A268-4FD1-9B65-3E8D2B5F1FDA}.Release|x86.ActiveCfg = Release|Win32
		{E2F70183-A268-4FD1-9B65-3E8D2B5F1FDA}.Release|x86.Build.0 = Release|Win32
		{DAE707D2-CAFE-4264-B481-BF8A1AB1AA9C}.Debug|x64.ActiveCfg = Debug|x64
		{DAE707D2-CAFE-4264-B481-BF8A1AB1AA9C}.Debug|x64.Build.0 = Debug|x64
		{DAE707D2-CAFE-4264-B481-BF8A1AB1AA9C}.Debug|x86.ActiveCfg = Debug|Win32
		{DAE707D2-CAFE-4264-B481-BF8A1AB1AA9C}.Debug|x86.Build.0 = Debug|Win32
		{DAE707D2-CAFE-4264-B481-BF8A1AB1AA9C}.Release|x64.ActiveCfg = Release|x64
		{DAE707D2-CAFE-4264-B481-BF8A1AB1AA9C}.Release|x64.Build.0 = Release|x64
		{DAE707D2-CAFE-4264-B481-BF8A1AB1AA9C}.Release|x86.ActiveCfg = Release|Win32
		{DAE707D2-CAFE-4264-B481-BF8A1AB1AA9C}.Release|x86.Build.0 = Release|Win32
	EndGlobalSection
	GlobalSection(SolutionProperties) = preSolution
		HideSolutionNode = FALSE
	EndGlobalSection
	GlobalSection(ExtensibilityGlobals) = postSolution
		SolutionGuid = {21069122-95CB-40D1-9EF0-87A372DCB1C2}
	EndGlobalSection
EndGlobal
